{"name":"functions","lockfileVersion":3,"requires":true,"packages":{"":{"name":"functions","dependencies":{"firebase-admin":"^13.10.0","firebase-functions":"^7.2.5"},"devDependencies":{"ansi-regex":"^5.0.1","eslint":"^8.6.0","eslint-plugin-promise":"^4.0.1","firebase-functions-test":"^0.1.6"},"engines":{"node":">=18"}},"node_modules/firebase-admin":{"version":"13.10.0","resolved":"https://registry.npmjs.org/firebase-admin/-/firebase-admin-13.10.0.tgz","integrity":"sha512-iawoQkmZbsA+2DY5UEuB8f6jSlskzzySoye0D2F6e3zlDZX9DUcXf0HhZqLUn/P6WhLGvTf6ZtCmshZvhAgTYg==","dependencies":{"@fastify/busboy":"^3.0.0","@firebase/database-compat":"^2.0.0","@firebase/database-types":"^1.0.6","farmhash-modern":"^1.1.0","fast-deep-equal":"^3.1.1","google-auth-library":"^10.6.1","jsonwebtoken":"^9.0.0","jwks-rsa":"^3.1.0","node-forge":"^1.4.0"},"engines":{"node":">=18"},"optionalDependencies":{"@google-cloud/firestore":"^7.11.0","@google-cloud/storage":"^7.19.0"}},"node_modules/firebase-functions":{"version":"7.2.5","resolved":"https://registry.npmjs.org/firebase-functions/-/firebase-functions-7.2.5.tgz"}}}